
Microsoft Visual Studio Solution File, Format Version 12.00
# Visual Studio Version 16
VisualStudioVersion = 16.0.30517.126
MinimumVisualStudioVersion = 10.0.40219.1
Project("{2150E333-8FDC-42A3-9474-1A3956D46DE8}") = "build", "build", "{0A7F5C36-AFDB-46CC-8936-B486EB8FA65F}"
	ProjectSection(SolutionItems) = preProject
		build\azure-pipelines-dev.yml = build\azure-pipelines-dev.yml
		build\azure-pipelines.yml = build\azure-pipelines.yml
	EndProjectSection
EndProject
Project("{2150E333-8FDC-42A3-9474-1A3956D46DE8}") = "misc", "misc", "{E4C4C5B6-698D-40D5-8CA1-115E88267862}"
	ProjectSection(SolutionItems) = preProject
		misc\changelog.txt = misc\changelog.txt
		misc\todo.txt = misc\todo.txt
	EndProjectSection
EndProject
Project("{2150E333-8FDC-42A3-9474-1A3956D46DE8}") = "nuget", "nuget", "{44ADFB69-335B-4F5F-A41C-C0E960CF3DC1}"
	ProjectSection(SolutionItems) = preProject
		nuget\TauCode.Db.MySql.nuspec = nuget\TauCode.Db.MySql.nuspec
	EndProjectSection
EndProject
Project("{2150E333-8FDC-42A3-9474-1A3956D46DE8}") = "src", "src", "{CD97430E-9971-4978-AE15-3247387B5235}"
EndProject
Project("{2150E333-8FDC-42A3-9474-1A3956D46DE8}") = "test", "test", "{62DC4F5C-90B3-4C12-8102-DBBE3017A867}"
EndProject
Project("{FAE04EC0-301F-11D3-BF4B-00C04F79EFBC}") = "TauCode.Db.MySql", "src\TauCode.Db.MySql\TauCode.Db.MySql.csproj", "{357B45B3-AE2C-48E2-A224-2E1BA3BAB585}"
EndProject
Project("{FAE04EC0-301F-11D3-BF4B-00C04F79EFBC}") = "TauCode.Db.MySql.Tests", "test\TauCode.Db.MySql.Tests\TauCode.Db.MySql.Tests.csproj", "{22B74E30-8090-4C6C-9E3C-5B2DCB90DB72}"
EndProject
Global
	GlobalSection(SolutionConfigurationPlatforms) = preSolution
		Debug|Any CPU = Debug|Any CPU
		Release|Any CPU = Release|Any CPU
	EndGlobalSection
	GlobalSection(ProjectConfigurationPlatforms) = postSolution
		{357B45B3-AE2C-48E2-A224-2E1BA3BAB585}.Debug|Any CPU.ActiveCfg = Debug|Any CPU
		{357B45B3-AE2C-48E2-A224-2E1BA3BAB585}.Debug|Any CPU.Build.0 = Debug|Any CPU
		{357B45B3-AE2C-48E2-A224-2E1BA3BAB585}.Release|Any CPU.ActiveCfg = Release|Any CPU
		{357B45B3-AE2C-48E2-A224-2E1BA3BAB585}.Release|Any CPU.Build.0 = Release|Any CPU
		{22B74E30-8090-4C6C-9E3C-5B2DCB90DB72}.Debug|Any CPU.ActiveCfg = Debug|Any CPU
		{22B74E30-8090-4C6C-9E3C-5B2DCB90DB72}.Debug|Any CPU.Build.0 = Debug|Any CPU
		{22B74E30-8090-4C6C-9E3C-5B2DCB90DB72}.Release|Any CPU.ActiveCfg = Release|Any CPU
		{22B74E30-8090-4C6C-9E3C-5B2DCB90DB72}.Release|Any CPU.Build.0 = Release|Any CPU
	EndGlobalSection
	GlobalSection(SolutionProperties) = preSolution
		HideSolutionNode = FALSE
	EndGlobalSection
	GlobalSection(NestedProjects) = preSolution
		{357B45B3-AE2C-48E2-A224-2E1BA3BAB585} = {CD97430E-9971-4978-AE15-3247387B5235}
		{22B74E30-8090-4C6C-9E3C-5B2DCB90DB72} = {62DC4F5C-90B3-4C12-8102-DBBE3017A867}
	EndGlobalSection
	GlobalSection(ExtensibilityGlobals) = postSolution
		SolutionGuid = {2412B73A-1CC4-4E0E-853E-BED60A41911F}
	EndGlobalSection
EndGlobal
